
Microsoft Visual Studio Solution File, Format Version 12.00
# Visual Studio 15
VisualStudioVersion = 15.0.27428.2037
MinimumVisualStudioVersion = 10.0.40219.1
Project("{8BC9CEB8-8B4A-11D0-8D11-00A0C91BC942}") = "Weechat++", "Weechat++\Weechat++.vcxproj", "{4C702C94-6684-4782-A8F1-8543A604052C}"
EndProject
Project("{8BC9CEB8-8B4A-11D0-8D11-00A0C91BC942}") = "Relay", "Relay\Relay.vcxproj", "{A955C5AC-4F0A-48C1-A28F-7C1A683E6B20}"
EndProject
Global
	GlobalSection(SolutionConfigurationPlatforms) = preSolution
		Debug|x64 = Debug|x64
		Debug|x86 = Debug|x86
		Release|x64 = Release|x64
		Release|x86 = Release|x86
	EndGlobalSection
	GlobalSection(ProjectConfigurationPlatforms) = postSolution
		{4C702C94-6684-4782-A8F1-8543A604052C}.Debug|x64.ActiveCfg = Debug|x64
		{4C702C94-6684-4782-A8F1-8543A604052C}.Debug|x64.Build.0 = Debug|x64
		{4C702C94-6684-4782-A8F1-8543A604052C}.Debug|x86.ActiveCfg = Debug|Win32
		{4C702C94-6684-4782-A8F1-8543A604052C}.Debug|x86.Build.0 = Debug|Win32
		{4C702C94-6684-4782-A8F1-8543A604052C}.Release|x64.ActiveCfg = Release|x64
		{4C702C94-6684-4782-A8F1-8543A604052C}.Release|x64.Build.0 = Release|x64
		{4C702C94-6684-4782-A8F1-8543A604052C}.Release|x86.ActiveCfg = Release|Win32
		{4C702C94-6684-4782-A8F1-8543A604052C}.Release|x86.Build.0 = Release|Win32
		{A955C5AC-4F0A-48C1-A28F-7C1A683E6B20}.Debug|x64.ActiveCfg = Debug|x64
		{A955C5AC-4F0A-48C1-A28F-7C1A683E6B20}.Debug|x64.Build.0 = Debug|x64
		{A955C5AC-4F0A-48C1-A28F-7C1A683E6B20}.Debug|x86.ActiveCfg = Debug|Win32
		{A955C5AC-4F0A-48C1-A28F-7C1A683E6B20}.Debug|x86.Build.0 = Debug|Win32
		{A955C5AC-4F0A-48C1-A28F-7C1A683E6B20}.Release|x64.ActiveCfg = Release|x64
		{A955C5AC-4F0A-48C1-A28F-7C1A683E6B20}.Release|x64.Build.0 = Release|x64
		{A955C5AC-4F0A-48C1-A28F-7C1A683E6B20}.Release|x86.ActiveCfg = Release|Win32
		{A955C5AC-4F0A-48C1-A28F-7C1A683E6B20}.Release|x86.Build.0 = Release|Win32
	EndGlobalSection
	GlobalSection(SolutionProperties) = preSolution
		HideSolutionNode = FALSE
	EndGlobalSection
	GlobalSection(ExtensibilityGlobals) = postSolution
		SolutionGuid = {ECFFDAF8-8E23-48D3-A17F-E407CD02FE3D}
	EndGlobalSection
EndGlobal
