Microsoft Visual Studio Solution File, Format Version 12.00
# Visual Studio 15
Project("{8BC9CEB8-8B4A-11D0-8D11-00A0C91BC942}") = "ALL_BUILD", "ALL_BUILD.vcxproj", "{E438C081-DF02-3A1A-8BB4-4A202CFD1A28}"
	ProjectSection(ProjectDependencies) = postProject
		{F83DCD43-A991-3F4B-8A10-E86284A33314} = {F83DCD43-A991-3F4B-8A10-E86284A33314}
		{E276530A-8A33-3C50-8CE3-884CEFEBCB73} = {E276530A-8A33-3C50-8CE3-884CEFEBCB73}
		{58CFF99F-C7C6-35B9-B383-9E37A04289F1} = {58CFF99F-C7C6-35B9-B383-9E37A04289F1}
		{7DA92ADF-54EF-3F57-918D-032189483230} = {7DA92ADF-54EF-3F57-918D-032189483230}
		{8906EA81-FACB-325A-B0C6-08B198A25949} = {8906EA81-FACB-325A-B0C6-08B198A25949}
	EndProjectSection
EndProject
Project("{8BC9CEB8-8B4A-11D0-8D11-00A0C91BC942}") = "INSTALL", "INSTALL.vcxproj", "{E0B99E9A-C304-38CF-839E-0DFD2F0D7F58}"
	ProjectSection(ProjectDependencies) = postProject
		{E438C081-DF02-3A1A-8BB4-4A202CFD1A28} = {E438C081-DF02-3A1A-8BB4-4A202CFD1A28}
		{F83DCD43-A991-3F4B-8A10-E86284A33314} = {F83DCD43-A991-3F4B-8A10-E86284A33314}
	EndProjectSection
EndProject
Project("{8BC9CEB8-8B4A-11D0-8D11-00A0C91BC942}") = "ZERO_CHECK", "ZERO_CHECK.vcxproj", "{F83DCD43-A991-3F4B-8A10-E86284A33314}"
	ProjectSection(ProjectDependencies) = postProject
	EndProjectSection
EndProject
Project("{8BC9CEB8-8B4A-11D0-8D11-00A0C91BC942}") = "example", "ZLib\example.vcxproj", "{E276530A-8A33-3C50-8CE3-884CEFEBCB73}"
	ProjectSection(ProjectDependencies) = postProject
		{F83DCD43-A991-3F4B-8A10-E86284A33314} = {F83DCD43-A991-3F4B-8A10-E86284A33314}
		{7DA92ADF-54EF-3F57-918D-032189483230} = {7DA92ADF-54EF-3F57-918D-032189483230}
	EndProjectSection
EndProject
Project("{8BC9CEB8-8B4A-11D0-8D11-00A0C91BC942}") = "minigzip", "ZLib\minigzip.vcxproj", "{58CFF99F-C7C6-35B9-B383-9E37A04289F1}"
	ProjectSection(ProjectDependencies) = postProject
		{F83DCD43-A991-3F4B-8A10-E86284A33314} = {F83DCD43-A991-3F4B-8A10-E86284A33314}
		{7DA92ADF-54EF-3F57-918D-032189483230} = {7DA92ADF-54EF-3F57-918D-032189483230}
	EndProjectSection
EndProject
Project("{8BC9CEB8-8B4A-11D0-8D11-00A0C91BC942}") = "zlib", "ZLib\zlib.vcxproj", "{7DA92ADF-54EF-3F57-918D-032189483230}"
	ProjectSection(ProjectDependencies) = postProject
		{F83DCD43-A991-3F4B-8A10-E86284A33314} = {F83DCD43-A991-3F4B-8A10-E86284A33314}
	EndProjectSection
EndProject
Project("{8BC9CEB8-8B4A-11D0-8D11-00A0C91BC942}") = "zlibstatic", "ZLib\zlibstatic.vcxproj", "{8906EA81-FACB-325A-B0C6-08B198A25949}"
	ProjectSection(ProjectDependencies) = postProject
		{F83DCD43-A991-3F4B-8A10-E86284A33314} = {F83DCD43-A991-3F4B-8A10-E86284A33314}
	EndProjectSection
EndProject
Global
	GlobalSection(SolutionConfigurationPlatforms) = preSolution
		Debug|Win32 = Debug|Win32
		Release|Win32 = Release|Win32
		MinSizeRel|Win32 = MinSizeRel|Win32
		RelWithDebInfo|Win32 = RelWithDebInfo|Win32
	EndGlobalSection
	GlobalSection(ProjectConfigurationPlatforms) = postSolution
		{E438C081-DF02-3A1A-8BB4-4A202CFD1A28}.Debug|Win32.ActiveCfg = Debug|Win32
		{E438C081-DF02-3A1A-8BB4-4A202CFD1A28}.Debug|Win32.Build.0 = Debug|Win32
		{E438C081-DF02-3A1A-8BB4-4A202CFD1A28}.Release|Win32.ActiveCfg = Release|Win32
		{E438C081-DF02-3A1A-8BB4-4A202CFD1A28}.Release|Win32.Build.0 = Release|Win32
		{E438C081-DF02-3A1A-8BB4-4A202CFD1A28}.MinSizeRel|Win32.ActiveCfg = MinSizeRel|Win32
		{E438C081-DF02-3A1A-8BB4-4A202CFD1A28}.MinSizeRel|Win32.Build.0 = MinSizeRel|Win32
		{E438C081-DF02-3A1A-8BB4-4A202CFD1A28}.RelWithDebInfo|Win32.ActiveCfg = RelWithDebInfo|Win32
		{E438C081-DF02-3A1A-8BB4-4A202CFD1A28}.RelWithDebInfo|Win32.Build.0 = RelWithDebInfo|Win32
		{E0B99E9A-C304-38CF-839E-0DFD2F0D7F58}.Debug|Win32.ActiveCfg = Debug|Win32
		{E0B99E9A-C304-38CF-839E-0DFD2F0D7F58}.Release|Win32.ActiveCfg = Release|Win32
		{E0B99E9A-C304-38CF-839E-0DFD2F0D7F58}.MinSizeRel|Win32.ActiveCfg = MinSizeRel|Win32
		{E0B99E9A-C304-38CF-839E-0DFD2F0D7F58}.RelWithDebInfo|Win32.ActiveCfg = RelWithDebInfo|Win32
		{F83DCD43-A991-3F4B-8A10-E86284A33314}.Debug|Win32.ActiveCfg = Debug|Win32
		{F83DCD43-A991-3F4B-8A10-E86284A33314}.Debug|Win32.Build.0 = Debug|Win32
		{F83DCD43-A991-3F4B-8A10-E86284A33314}.Release|Win32.ActiveCfg = Release|Win32
		{F83DCD43-A991-3F4B-8A10-E86284A33314}.Release|Win32.Build.0 = Release|Win32
		{F83DCD43-A991-3F4B-8A10-E86284A33314}.MinSizeRel|Win32.ActiveCfg = MinSizeRel|Win32
		{F83DCD43-A991-3F4B-8A10-E86284A33314}.MinSizeRel|Win32.Build.0 = MinSizeRel|Win32
		{F83DCD43-A991-3F4B-8A10-E86284A33314}.RelWithDebInfo|Win32.ActiveCfg = RelWithDebInfo|Win32
		{F83DCD43-A991-3F4B-8A10-E86284A33314}.RelWithDebInfo|Win32.Build.0 = RelWithDebInfo|Win32
		{E276530A-8A33-3C50-8CE3-884CEFEBCB73}.Debug|Win32.ActiveCfg = Debug|Win32
		{E276530A-8A33-3C50-8CE3-884CEFEBCB73}.Debug|Win32.Build.0 = Debug|Win32
		{E276530A-8A33-3C50-8CE3-884CEFEBCB73}.Release|Win32.ActiveCfg = Release|Win32
		{E276530A-8A33-3C50-8CE3-884CEFEBCB73}.Release|Win32.Build.0 = Release|Win32
		{E276530A-8A33-3C50-8CE3-884CEFEBCB73}.MinSizeRel|Win32.ActiveCfg = MinSizeRel|Win32
		{E276530A-8A33-3C50-8CE3-884CEFEBCB73}.MinSizeRel|Win32.Build.0 = MinSizeRel|Win32
		{E276530A-8A33-3C50-8CE3-884CEFEBCB73}.RelWithDebInfo|Win32.ActiveCfg = RelWithDebInfo|Win32
		{E276530A-8A33-3C50-8CE3-884CEFEBCB73}.RelWithDebInfo|Win32.Build.0 = RelWithDebInfo|Win32
		{58CFF99F-C7C6-35B9-B383-9E37A04289F1}.Debug|Win32.ActiveCfg = Debug|Win32
		{58CFF99F-C7C6-35B9-B383-9E37A04289F1}.Debug|Win32.Build.0 = Debug|Win32
		{58CFF99F-C7C6-35B9-B383-9E37A04289F1}.Release|Win32.ActiveCfg = Release|Win32
		{58CFF99F-C7C6-35B9-B383-9E37A04289F1}.Release|Win32.Build.0 = Release|Win32
		{58CFF99F-C7C6-35B9-B383-9E37A04289F1}.MinSizeRel|Win32.ActiveCfg = MinSizeRel|Win32
		{58CFF99F-C7C6-35B9-B383-9E37A04289F1}.MinSizeRel|Win32.Build.0 = MinSizeRel|Win32
		{58CFF99F-C7C6-35B9-B383-9E37A04289F1}.RelWithDebInfo|Win32.ActiveCfg = RelWithDebInfo|Win32
		{58CFF99F-C7C6-35B9-B383-9E37A04289F1}.RelWithDebInfo|Win32.Build.0 = RelWithDebInfo|Win32
		{7DA92ADF-54EF-3F57-918D-032189483230}.Debug|Win32.ActiveCfg = Debug|Win32
		{7DA92ADF-54EF-3F57-918D-032189483230}.Debug|Win32.Build.0 = Debug|Win32
		{7DA92ADF-54EF-3F57-918D-032189483230}.Release|Win32.ActiveCfg = Release|Win32
		{7DA92ADF-54EF-3F57-918D-032189483230}.Release|Win32.Build.0 = Release|Win32
		{7DA92ADF-54EF-3F57-918D-032189483230}.MinSizeRel|Win32.ActiveCfg = MinSizeRel|Win32
		{7DA92ADF-54EF-3F57-918D-032189483230}.MinSizeRel|Win32.Build.0 = MinSizeRel|Win32
		{7DA92ADF-54EF-3F57-918D-032189483230}.RelWithDebInfo|Win32.ActiveCfg = RelWithDebInfo|Win32
		{7DA92ADF-54EF-3F57-918D-032189483230}.RelWithDebInfo|Win32.Build.0 = RelWithDebInfo|Win32
		{8906EA81-FACB-325A-B0C6-08B198A25949}.Debug|Win32.ActiveCfg = Debug|Win32
		{8906EA81-FACB-325A-B0C6-08B198A25949}.Debug|Win32.Build.0 = Debug|Win32
		{8906EA81-FACB-325A-B0C6-08B198A25949}.Release|Win32.ActiveCfg = Release|Win32
		{8906EA81-FACB-325A-B0C6-08B198A25949}.Release|Win32.Build.0 = Release|Win32
		{8906EA81-FACB-325A-B0C6-08B198A25949}.MinSizeRel|Win32.ActiveCfg = MinSizeRel|Win32
		{8906EA81-FACB-325A-B0C6-08B198A25949}.MinSizeRel|Win32.Build.0 = MinSizeRel|Win32
		{8906EA81-FACB-325A-B0C6-08B198A25949}.RelWithDebInfo|Win32.ActiveCfg = RelWithDebInfo|Win32
		{8906EA81-FACB-325A-B0C6-08B198A25949}.RelWithDebInfo|Win32.Build.0 = RelWithDebInfo|Win32
	EndGlobalSection
	GlobalSection(ExtensibilityGlobals) = postSolution
		SolutionGuid = {16BB7459-5138-3A8E-9EF5-AE5E62FDE7DA}
	EndGlobalSection
	GlobalSection(ExtensibilityAddIns) = postSolution
	EndGlobalSection
EndGlobal
